
Microsoft Visual Studio Solution File, Format Version 12.00
# Visual Studio 15
VisualStudioVersion = 15.0.27703.2000
MinimumVisualStudioVersion = 10.0.40219.1
Project("{FAE04EC0-301F-11D3-BF4B-00C04F79EFBC}") = "cSharp_1B", "cSharp_1B\cSharp_1B.csproj", "{6B973190-23D4-4D0E-A0EB-BDBD77B334C6}"
EndProject
Global
	GlobalSection(SolutionConfigurationPlatforms) = preSolution
		Debug|Any CPU = Debug|Any CPU
		Release|Any CPU = Release|Any CPU
	EndGlobalSection
	GlobalSection(ProjectConfigurationPlatforms) = postSolution
		{6B973190-23D4-4D0E-A0EB-BDBD77B334C6}.Debug|Any CPU.ActiveCfg = Debug|Any CPU
		{6B973190-23D4-4D0E-A0EB-BDBD77B334C6}.Debug|Any CPU.Build.0 = Debug|Any CPU
		{6B973190-23D4-4D0E-A0EB-BDBD77B334C6}.Release|Any CPU.ActiveCfg = Release|Any CPU
		{6B973190-23D4-4D0E-A0EB-BDBD77B334C6}.Release|Any CPU.Build.0 = Release|Any CPU
	EndGlobalSection
	GlobalSection(SolutionProperties) = preSolution
		HideSolutionNode = TRUE
	EndGlobalSection
	GlobalSection(ExtensibilityGlobals) = postSolution
		SolutionGuid = {480F3205-6BE1-4915-9A63-499FC87CEC2C}
	EndGlobalSection
EndGlobal
